
Microsoft Visual Studio Solution File, Format Version 12.00
# Visual Studio Version 17
VisualStudioVersion = 17.14.36327.8 d17.14
MinimumVisualStudioVersion = 10.0.40219.1
Project("{FAE04EC0-301F-11D3-BF4B-00C04F79EFBC}") = "MVC-CRUD-EF-TwoTables", "MVC-CRUD-EF-TwoTables\MVC-CRUD-EF-TwoTables.csproj", "{964C4F53-8F28-48EE-8EE4-241CA926991C}"
EndProject
Global
	GlobalSection(SolutionConfigurationPlatforms) = preSolution
		Debug|Any CPU = Debug|Any CPU
		Release|Any CPU = Release|Any CPU
	EndGlobalSection
	GlobalSection(ProjectConfigurationPlatforms) = postSolution
		{964C4F53-8F28-48EE-8EE4-241CA926991C}.Debug|Any CPU.ActiveCfg = Debug|Any CPU
		{964C4F53-8F28-48EE-8EE4-241CA926991C}.Debug|Any CPU.Build.0 = Debug|Any CPU
		{964C4F53-8F28-48EE-8EE4-241CA926991C}.Release|Any CPU.ActiveCfg = Release|Any CPU
		{964C4F53-8F28-48EE-8EE4-241CA926991C}.Release|Any CPU.Build.0 = Release|Any CPU
	EndGlobalSection
	GlobalSection(SolutionProperties) = preSolution
		HideSolutionNode = FALSE
	EndGlobalSection
	GlobalSection(ExtensibilityGlobals) = postSolution
		SolutionGuid = {8469ADEB-A843-4054-BAAC-547A90470220}
	EndGlobalSection
EndGlobal
